// !$*UTF8*$!
{
	archiveVersion = 1;
	classes = {
	};
	objectVersion = 56;
	objects = {

/* Begin PBXBuildFile section */
		52185E382C43427200CB41E8 /* CategoryController.swift in Sources */ = {isa = PBXBuildFile; fileRef = 52185E372C43427200CB41E8 /* CategoryController.swift */; };
		523E0D122C408397006B795D /* DataModel.xcdatamodeld in Sources */ = {isa = PBXBuildFile; fileRef = 523E0D102C408397006B795D /* DataModel.xcdatamodeld */; };
		528889B52C3C1BCF00FEC3DB /* AppDelegate.swift in Sources */ = {isa = PBXBuildFile; fileRef = 528889B42C3C1BCF00FEC3DB /* AppDelegate.swift */; };
		528889B72C3C1BCF00FEC3DB /* SceneDelegate.swift in Sources */ = {isa = PBXBuildFile; fileRef = 528889B62C3C1BCF00FEC3DB /* SceneDelegate.swift */; };
		528889B92C3C1BCF00FEC3DB /* ListController.swift in Sources */ = {isa = PBXBuildFile; fileRef = 528889B82C3C1BCF00FEC3DB /* ListController.swift */; };
		528889BC2C3C1BCF00FEC3DB /* Base in Resources */ = {isa = PBXBuildFile; fileRef = 528889BB2C3C1BCF00FEC3DB /* Base */; };
		528889BE2C3C1BD000FEC3DB /* Assets.xcassets in Resources */ = {isa = PBXBuildFile; fileRef = 528889BD2C3C1BD000FEC3DB /* Assets.xcassets */; };
		528889C12C3C1BD000FEC3DB /* Base in Resources */ = {isa = PBXBuildFile; fileRef = 528889C02C3C1BD000FEC3DB /* Base */; };
/* End PBXBuildFile section */

/* Begin PBXFileReference section */
		52185E372C43427200CB41E8 /* CategoryController.swift */ = {isa = PBXFileReference; lastKnownFileType = sourcecode.swift; path = CategoryController.swift; sourceTree = "<group>"; };
		523E0D112C408397006B795D /* DataModel.xcdatamodel */ = {isa = PBXFileReference; lastKnownFileType = wrapper.xcdatamodel; path = DataModel.xcdatamodel; sourceTree = "<group>"; };
		528889B12C3C1BCF00FEC3DB /* EasyBrain.app */ = {isa = PBXFileReference; explicitFileType = wrapper.application; includeInIndex = 0; path = EasyBrain.app; sourceTree = BUILT_PRODUCTS_DIR; };
		528889B42C3C1BCF00FEC3DB /* AppDelegate.swift */ = {isa = PBXFileReference; lastKnownFileType = sourcecode.swift; path = AppDelegate.swift; sourceTree = "<group>"; };
		528889B62C3C1BCF00FEC3DB /* SceneDelegate.swift */ = {isa = PBXFileReference; lastKnownFileType = sourcecode.swift; path = SceneDelegate.swift; sourceTree = "<group>"; };
		528889B82C3C1BCF00FEC3DB /* ListController.swift */ = {isa = PBXFileReference; lastKnownFileType = sourcecode.swift; path = ListController.swift; sourceTree = "<group>"; };
		528889BB2C3C1BCF00FEC3DB /* Base */ = {isa = PBXFileReference; lastKnownFileType = file.storyboard; name = Base; path = Base.lproj/Main.storyboard; sourceTree = "<group>"; };
		528889BD2C3C1BD000FEC3DB /* Assets.xcassets */ = {isa = PBXFileReference; lastKnownFileType = folder.assetcatalog; path = Assets.xcassets; sourceTree = "<group>"; };
		528889C02C3C1BD000FEC3DB /* Base */ = {isa = PBXFileReference; lastKnownFileType = file.storyboard; name = Base; path = Base.lproj/LaunchScreen.storyboard; sourceTree = "<group>"; };
		528889C22C3C1BD000FEC3DB /* Info.plist */ = {isa = PBXFileReference; lastKnownFileType = text.plist.xml; path = Info.plist; sourceTree = "<group>"; };
/* End PBXFileReference section */

/* Begin PBXFrameworksBuildPhase section */
		528889AE2C3C1BCF00FEC3DB /* Frameworks */ = {
			isa = PBXFrameworksBuildPhase;
			buildActionMask = 2147483647;
			files = (
			);
			runOnlyForDeploymentPostprocessing = 0;
		};
/* End PBXFrameworksBuildPhase section */

/* Begin PBXGroup section */
		527B0F562C3EA8A600B1E43D /* Model */ = {
			isa = PBXGroup;
			children = (
				523E0D102C408397006B795D /* DataModel.xcdatamodeld */,
			);
			path = Model;
			sourceTree = "<group>";
		};
		527B0F572C3EA8B300B1E43D /* Controller */ = {
			isa = PBXGroup;
			children = (
				52185E372C43427200CB41E8 /* CategoryController.swift */,
				528889B82C3C1BCF00FEC3DB /* ListController.swift */,
			);
			path = Controller;
			sourceTree = "<group>";
		};
		527B0F582C3EA8C300B1E43D /* View */ = {
			isa = PBXGroup;
			children = (
				528889BA2C3C1BCF00FEC3DB /* Main.storyboard */,
			);
			path = View;
			sourceTree = "<group>";
		};
		527B0F592C3EA95600B1E43D /* Suporting Files */ = {
			isa = PBXGroup;
			children = (
				528889BD2C3C1BD000FEC3DB /* Assets.xcassets */,
				528889BF2C3C1BD000FEC3DB /* LaunchScreen.storyboard */,
			);
			path = "Suporting Files";
			sourceTree = "<group>";
		};
		528889A82C3C1BCF00FEC3DB = {
			isa = PBXGroup;
			children = (
				528889B32C3C1BCF00FEC3DB /* EasyBrain */,
				528889B22C3C1BCF00FEC3DB /* Products */,
			);
			sourceTree = "<group>";
		};
		528889B22C3C1BCF00FEC3DB /* Products */ = {
			isa = PBXGroup;
			children = (
				528889B12C3C1BCF00FEC3DB /* EasyBrain.app */,
			);
			name = Products;
			sourceTree = "<group>";
		};
		528889B32C3C1BCF00FEC3DB /* EasyBrain */ = {
			isa = PBXGroup;
			children = (
				528889B42C3C1BCF00FEC3DB /* AppDelegate.swift */,
				528889B62C3C1BCF00FEC3DB /* SceneDelegate.swift */,
				527B0F572C3EA8B300B1E43D /* Controller */,
				527B0F562C3EA8A600B1E43D /* Model */,
				527B0F582C3EA8C300B1E43D /* View */,
				527B0F592C3EA95600B1E43D /* Suporting Files */,
				528889C22C3C1BD000FEC3DB /* Info.plist */,
			);
			path = EasyBrain;
			sourceTree = "<group>";
		};
/* End PBXGroup section */

/* Begin PBXNativeTarget section */
		528889B02C3C1BCF00FEC3DB /* EasyBrain */ = {
			isa = PBXNativeTarget;
			buildConfigurationList = 528889C52C3C1BD000FEC3DB /* Build configuration list for PBXNativeTarget "EasyBrain" */;
			buildPhases = (
				528889AD2C3C1BCF00FEC3DB /* Sources */,
				528889AE2C3C1BCF00FEC3DB /* Frameworks */,
				528889AF2C3C1BCF00FEC3DB /* Resources */,
			);
			buildRules = (
			);
			dependencies = (
			);
			name = EasyBrain;
			productName = EasyBrain;
			productReference = 528889B12C3C1BCF00FEC3DB /* EasyBrain.app */;
			productType = "com.apple.product-type.application";
		};
/* End PBXNativeTarget section */

/* Begin PBXProject section */
		528889A92C3C1BCF00FEC3DB /* Project object */ = {
			isa = PBXProject;
			attributes = {
				BuildIndependentTargetsInParallel = 1;
				LastSwiftUpdateCheck = 1540;
				LastUpgradeCheck = 1540;
				ORGANIZATIONNAME = "Alla Bulgakova";
				TargetAttributes = {
					528889B02C3C1BCF00FEC3DB = {
						CreatedOnToolsVersion = 15.4;
					};
				};
			};
			buildConfigurationList = 528889AC2C3C1BCF00FEC3DB /* Build configuration list for PBXProject "EasyBrain" */;
			compatibilityVersion = "Xcode 14.0";
			developmentRegion = en;
			hasScannedForEncodings = 0;
			knownRegions = (
				en,
				Base,
			);
			mainGroup = 528889A82C3C1BCF00FEC3DB;
			productRefGroup = 528889B22C3C1BCF00FEC3DB /* Products */;
			projectDirPath = "";
			projectRoot = "";
			targets = (
				528889B02C3C1BCF00FEC3DB /* EasyBrain */,
			);
		};
/* End PBXProject section */

/* Begin PBXResourcesBuildPhase section */
		528889AF2C3C1BCF00FEC3DB /* Resources */ = {
			isa = PBXResourcesBuildPhase;
			buildActionMask = 2147483647;
			files = (
				528889BE2C3C1BD000FEC3DB /* Assets.xcassets in Resources */,
				528889C12C3C1BD000FEC3DB /* Base in Resources */,
				528889BC2C3C1BCF00FEC3DB /* Base in Resources */,
			);
			runOnlyForDeploymentPostprocessing = 0;
		};
/* End PBXResourcesBuildPhase section */

/* Begin PBXSourcesBuildPhase section */
		528889AD2C3C1BCF00FEC3DB /* Sources */ = {
			isa = PBXSourcesBuildPhase;
			buildActionMask = 2147483647;
			files = (
				523E0D122C408397006B795D /* DataModel.xcdatamodeld in Sources */,
				52185E382C43427200CB41E8 /* CategoryController.swift in Sources */,
				528889B92C3C1BCF00FEC3DB /* ListController.swift in Sources */,
				528889B52C3C1BCF00FEC3DB /* AppDelegate.swift in Sources */,
				528889B72C3C1BCF00FEC3DB /* SceneDelegate.swift in Sources */,
			);
			runOnlyForDeploymentPostprocessing = 0;
		};
/* End PBXSourcesBuildPhase section */

/* Begin PBXVariantGroup section */
		528889BA2C3C1BCF00FEC3DB /* Main.storyboard */ = {
			isa = PBXVariantGroup;
			children = (
				528889BB2C3C1BCF00FEC3DB /* Base */,
			);
			name = Main.storyboard;
			sourceTree = "<group>";
		};
		528889BF2C3C1BD000FEC3DB /* LaunchScreen.storyboard */ = {
			isa = PBXVariantGroup;
			children = (
				528889C02C3C1BD000FEC3DB /* Base */,
			);
			name = LaunchScreen.storyboard;
			sourceTree = "<group>";
		};
/* End PBXVariantGroup section */

/* Begin XCBuildConfiguration section */
		528889C32C3C1BD000FEC3DB /* Debug */ = {
			isa = XCBuildConfiguration;
			buildSettings = {
				ALWAYS_SEARCH_USER_PATHS = NO;
				ASSETCATALOG_COMPILER_GENERATE_SWIFT_ASSET_SYMBOL_EXTENSIONS = YES;
				CLANG_ANALYZER_NONNULL = YES;
				CLANG_ANALYZER_NUMBER_OBJECT_CONVERSION = YES_AGGRESSIVE;
				CLANG_CXX_LANGUAGE_STANDARD = "gnu++20";
				CLANG_ENABLE_MODULES = YES;
				CLANG_ENABLE_OBJC_ARC = YES;
				CLANG_ENABLE_OBJC_WEAK = YES;
				CLANG_WARN_BLOCK_CAPTURE_AUTORELEASING = YES;
				CLANG_WARN_BOOL_CONVERSION = YES;
				CLANG_WARN_COMMA = YES;
				CLANG_WARN_CONSTANT_CONVERSION = YES;
				CLANG_WARN_DEPRECATED_OBJC_IMPLEMENTATIONS = YES;
				CLANG_WARN_DIRECT_OBJC_ISA_USAGE = YES_ERROR;
				CLANG_WARN_DOCUMENTATION_COMMENTS = YES;
				CLANG_WARN_EMPTY_BODY = YES;
				CLANG_WARN_ENUM_CONVERSION = YES;
				CLANG_WARN_INFINITE_RECURSION = YES;
				CLANG_WARN_INT_CONVERSION = YES;
				CLANG_WARN_NON_LITERAL_NULL_CONVERSION = YES;
				CLANG_WARN_OBJC_IMPLICIT_RETAIN_SELF = YES;
				CLANG_WARN_OBJC_LITERAL_CONVERSION = YES;
				CLANG_WARN_OBJC_ROOT_CLASS = YES_ERROR;
				CLANG_WARN_QUOTED_INCLUDE_IN_FRAMEWORK_HEADER = YES;
				CLANG_WARN_RANGE_LOOP_ANALYSIS = YES;
				CLANG_WARN_STRICT_PROTOTYPES = YES;
				CLANG_WARN_SUSPICIOUS_MOVE = YES;
				CLANG_WARN_UNGUARDED_AVAILABILITY = YES_AGGRESSIVE;
				CLANG_WARN_UNREACHABLE_CODE = YES;
				CLANG_WARN__DUPLICATE_METHOD_MATCH = YES;
				COPY_PHASE_STRIP = NO;
				DEBUG_INFORMATION_FORMAT = dwarf;
				ENABLE_STRICT_OBJC_MSGSEND = YES;
				ENABLE_TESTABILITY = YES;
				ENABLE_USER_SCRIPT_SANDBOXING = YES;
				GCC_C_LANGUAGE_STANDARD = gnu17;
				GCC_DYNAMIC_NO_PIC = NO;
				GCC_NO_COMMON_BLOCKS = YES;
				GCC_OPTIMIZATION_LEVEL = 0;
				GCC_PREPROCESSOR_DEFINITIONS = (
					"DEBUG=1",
					"$(inherited)",
				);
				GCC_WARN_64_TO_32_BIT_CONVERSION = YES;
				GCC_WARN_ABOUT_RETURN_TYPE = YES_ERROR;
				GCC_WARN_UNDECLARED_SELECTOR = YES;
				GCC_WARN_UNINITIALIZED_AUTOS = YES_AGGRESSIVE;
				GCC_WARN_UNUSED_FUNCTION = YES;
				GCC_WARN_UNUSED_VARIABLE = YES;
				IPHONEOS_DEPLOYMENT_TARGET = 17.5;
				LOCALIZATION_PREFERS_STRING_CATALOGS = YES;
				MTL_ENABLE_DEBUG_INFO = INCLUDE_SOURCE;
				MTL_FAST_MATH = YES;
				ONLY_ACTIVE_ARCH = YES;
				SDKROOT = iphoneos;
				SWIFT_ACTIVE_COMPILATION_CONDITIONS = "DEBUG $(inherited)";
				SWIFT_OPTIMIZATION_LEVEL = "-Onone";
			};
			name = Debug;
		};
		528889C42C3C1BD000FEC3DB /* Release */ = {
			isa = XCBuildConfiguration;
			buildSettings = {
				ALWAYS_SEARCH_USER_PATHS = NO;
				ASSETCATALOG_COMPILER_GENERATE_SWIFT_ASSET_SYMBOL_EXTENSIONS = YES;
				CLANG_ANALYZER_NONNULL = YES;
				CLANG_ANALYZER_NUMBER_OBJECT_CONVERSION = YES_AGGRESSIVE;
				CLANG_CXX_LANGUAGE_STANDARD = "gnu++20";
				CLANG_ENABLE_MODULES = YES;
				CLANG_ENABLE_OBJC_ARC = YES;
				CLANG_ENABLE_OBJC_WEAK = YES;
				CLANG_WARN_BLOCK_CAPTURE_AUTORELEASING = YES;
				CLANG_WARN_BOOL_CONVERSION = YES;
				CLANG_WARN_COMMA = YES;
				CLANG_WARN_CONSTANT_CONVERSION = YES;
				CLANG_WARN_DEPRECATED_OBJC_IMPLEMENTATIONS = YES;
				CLANG_WARN_DIRECT_OBJC_ISA_USAGE = YES_ERROR;
				CLANG_WARN_DOCUMENTATION_COMMENTS = YES;
				CLANG_WARN_EMPTY_BODY = YES;
				CLANG_WARN_ENUM_CONVERSION = YES;
				CLANG_WARN_INFINITE_RECURSION = YES;
				CLANG_WARN_INT_CONVERSION = YES;
				CLANG_WARN_NON_LITERAL_NULL_CONVERSION = YES;
				CLANG_WARN_OBJC_IMPLICIT_RETAIN_SELF = YES;
				CLANG_WARN_OBJC_LITERAL_CONVERSION = YES;
				CLANG_WARN_OBJC_ROOT_CLASS = YES_ERROR;
				CLANG_WARN_QUOTED_INCLUDE_IN_FRAMEWORK_HEADER = YES;
				CLANG_WARN_RANGE_LOOP_ANALYSIS = YES;
				CLANG_WARN_STRICT_PROTOTYPES = YES;
				CLANG_WARN_SUSPICIOUS_MOVE = YES;
				CLANG_WARN_UNGUARDED_AVAILABILITY = YES_AGGRESSIVE;
				CLANG_WARN_UNREACHABLE_CODE = YES;
				CLANG_WARN__DUPLICATE_METHOD_MATCH = YES;
				COPY_PHASE_STRIP = NO;
				DEBUG_INFORMATION_FORMAT = "dwarf-with-dsym";
				ENABLE_NS_ASSERTIONS = NO;
				ENABLE_STRICT_OBJC_MSGSEND = YES;
				ENABLE_USER_SCRIPT_SANDBOXING = YES;
				GCC_C_LANGUAGE_STANDARD = gnu17;
				GCC_NO_COMMON_BLOCKS = YES;
				GCC_WARN_64_TO_32_BIT_CONVERSION = YES;
				GCC_WARN_ABOUT_RETURN_TYPE = YES_ERROR;
				GCC_WARN_UNDECLARED_SELECTOR = YES;
				GCC_WARN_UNINITIALIZED_AUTOS = YES_AGGRESSIVE;
				GCC_WARN_UNUSED_FUNCTION = YES;
				GCC_WARN_UNUSED_VARIABLE = YES;
				IPHONEOS_DEPLOYMENT_TARGET = 17.5;
				LOCALIZATION_PREFERS_STRING_CATALOGS = YES;
				MTL_ENABLE_DEBUG_INFO = NO;
				MTL_FAST_MATH = YES;
				SDKROOT = iphoneos;
				SWIFT_COMPILATION_MODE = wholemodule;
				VALIDATE_PRODUCT = YES;
			};
			name = Release;
		};
		528889C62C3C1BD000FEC3DB /* Debug */ = {
			isa = XCBuildConfiguration;
			buildSettings = {
				ASSETCATALOG_COMPILER_APPICON_NAME = AppIcon;
				ASSETCATALOG_COMPILER_GLOBAL_ACCENT_COLOR_NAME = AccentColor;
				CODE_SIGN_STYLE = Automatic;
				CURRENT_PROJECT_VERSION = 1;
				DEVELOPMENT_TEAM = 975NPJ6HJF;
				GENERATE_INFOPLIST_FILE = YES;
				INFOPLIST_FILE = EasyBrain/Info.plist;
				INFOPLIST_KEY_UIApplicationSupportsIndirectInputEvents = YES;
				INFOPLIST_KEY_UILaunchStoryboardName = LaunchScreen;
				INFOPLIST_KEY_UIMainStoryboardFile = Main;
				INFOPLIST_KEY_UISupportedInterfaceOrientations_iPad = "UIInterfaceOrientationPortrait UIInterfaceOrientationPortraitUpsideDown UIInterfaceOrientationLandscapeLeft UIInterfaceOrientationLandscapeRight";
				INFOPLIST_KEY_UISupportedInterfaceOrientations_iPhone = "UIInterfaceOrientationPortrait UIInterfaceOrientationLandscapeLeft UIInterfaceOrientationLandscapeRight";
				IPHONEOS_DEPLOYMENT_TARGET = 13.0;
				LD_RUNPATH_SEARCH_PATHS = (
					"$(inherited)",
					"@executable_path/Frameworks",
				);
				MARKETING_VERSION = 1.0;
				PRODUCT_BUNDLE_IDENTIFIER = com.alla.ios.EasyBrain;
				PRODUCT_NAME = "$(TARGET_NAME)";
				SWIFT_EMIT_LOC_STRINGS = YES;
				SWIFT_VERSION = 5.0;
				TARGETED_DEVICE_FAMILY = "1,2";
			};
			name = Debug;
		};
		528889C72C3C1BD000FEC3DB /* Release */ = {
			isa = XCBuildConfiguration;
			buildSettings = {
				ASSETCATALOG_COMPILER_APPICON_NAME = AppIcon;
				ASSETCATALOG_COMPILER_GLOBAL_ACCENT_COLOR_NAME = AccentColor;
				CODE_SIGN_STYLE = Automatic;
				CURRENT_PROJECT_VERSION = 1;
				DEVELOPMENT_TEAM = 975NPJ6HJF;
				GENERATE_INFOPLIST_FILE = YES;
				INFOPLIST_FILE = EasyBrain/Info.plist;
				INFOPLIST_KEY_UIApplicationSupportsIndirectInputEvents = YES;
				INFOPLIST_KEY_UILaunchStoryboardName = LaunchScreen;
				INFOPLIST_KEY_UIMainStoryboardFile = Main;
				INFOPLIST_KEY_UISupportedInterfaceOrientations_iPad = "UIInterfaceOrientationPortrait UIInterfaceOrientationPortraitUpsideDown UIInterfaceOrientationLandscapeLeft UIInterfaceOrientationLandscapeRight";
				INFOPLIST_KEY_UISupportedInterfaceOrientations_iPhone = "UIInterfaceOrientationPortrait UIInterfaceOrientationLandscapeLeft UIInterfaceOrientationLandscapeRight";
				IPHONEOS_DEPLOYMENT_TARGET = 13.0;
				LD_RUNPATH_SEARCH_PATHS = (
					"$(inherited)",
					"@executable_path/Frameworks",
				);
				MARKETING_VERSION = 1.0;
				PRODUCT_BUNDLE_IDENTIFIER = com.alla.ios.EasyBrain;
				PRODUCT_NAME = "$(TARGET_NAME)";
				SWIFT_EMIT_LOC_STRINGS = YES;
				SWIFT_VERSION = 5.0;
				TARGETED_DEVICE_FAMILY = "1,2";
			};
			name = Release;
		};
/* End XCBuildConfiguration section */

/* Begin XCConfigurationList section */
		528889AC2C3C1BCF00FEC3DB /* Build configuration list for PBXProject "EasyBrain" */ = {
			isa = XCConfigurationList;
			buildConfigurations = (
				528889C32C3C1BD000FEC3DB /* Debug */,
				528889C42C3C1BD000FEC3DB /* Release */,
			);
			defaultConfigurationIsVisible = 0;
			defaultConfigurationName = Release;
		};
		528889C52C3C1BD000FEC3DB /* Build configuration list for PBXNativeTarget "EasyBrain" */ = {
			isa = XCConfigurationList;
			buildConfigurations = (
				528889C62C3C1BD000FEC3DB /* Debug */,
				528889C72C3C1BD000FEC3DB /* Release */,
			);
			defaultConfigurationIsVisible = 0;
			defaultConfigurationName = Release;
		};
/* End XCConfigurationList section */

/* Begin XCVersionGroup section */
		523E0D102C408397006B795D /* DataModel.xcdatamodeld */ = {
			isa = XCVersionGroup;
			children = (
				523E0D112C408397006B795D /* DataModel.xcdatamodel */,
			);
			currentVersion = 523E0D112C408397006B795D /* DataModel.xcdatamodel */;
			path = DataModel.xcdatamodeld;
			sourceTree = "<group>";
			versionGroupType = wrapper.xcdatamodel;
		};
/* End XCVersionGroup section */
	};
	rootObject = 528889A92C3C1BCF00FEC3DB /* Project object */;
}
